
Microsoft Visual Studio Solution File, Format Version 12.00
# Visual Studio Version 16
VisualStudioVersion = 16.0.31105.61
MinimumVisualStudioVersion = 10.0.40219.1
Project("{FAE04EC0-301F-11D3-BF4B-00C04F79EFBC}") = "Product", "Product.csproj", "{3D769260-8CA2-41E6-8126-E00CB53B9DC4}"
EndProject
Global
	GlobalSection(SolutionConfigurationPlatforms) = preSolution
		Debug|Any CPU = Debug|Any CPU
		Release|Any CPU = Release|Any CPU
	EndGlobalSection
	GlobalSection(ProjectConfigurationPlatforms) = postSolution
		{3D769260-8CA2-41E6-8126-E00CB53B9DC4}.Debug|Any CPU.ActiveCfg = Debug|Any CPU
		{3D769260-8CA2-41E6-8126-E00CB53B9DC4}.Debug|Any CPU.Build.0 = Debug|Any CPU
		{3D769260-8CA2-41E6-8126-E00CB53B9DC4}.Release|Any CPU.ActiveCfg = Release|Any CPU
		{3D769260-8CA2-41E6-8126-E00CB53B9DC4}.Release|Any CPU.Build.0 = Release|Any CPU
	EndGlobalSection
	GlobalSection(SolutionProperties) = preSolution
		HideSolutionNode = FALSE
	EndGlobalSection
	GlobalSection(ExtensibilityGlobals) = postSolution
		SolutionGuid = {CDF5B620-2540-4AE9-9F9D-F693DDAF3F62}
	EndGlobalSection
EndGlobal
